// !$*UTF8*$!
{
	archiveVersion = 1;
	classes = {
	};
	objectVersion = 56;
	objects = {

/* Begin PBXBuildFile section */
		3F537A4C2AE1EA48009D10DF /* ConsumingApiApp.swift in Sources */ = {isa = PBXBuildFile; fileRef = 3F537A4B2AE1EA48009D10DF /* ConsumingApiApp.swift */; };
		3F537A4E2AE1EA48009D10DF /* ContentView.swift in Sources */ = {isa = PBXBuildFile; fileRef = 3F537A4D2AE1EA48009D10DF /* ContentView.swift */; };
		3F537A502AE1EA48009D10DF /* Assets.xcassets in Resources */ = {isa = PBXBuildFile; fileRef = 3F537A4F2AE1EA48009D10DF /* Assets.xcassets */; };
		3F537A532AE1EA48009D10DF /* Preview Assets.xcassets in Resources */ = {isa = PBXBuildFile; fileRef = 3F537A522AE1EA48009D10DF /* Preview Assets.xcassets */; };
		3F537A622AE1F169009D10DF /* Pokemon.swift in Sources */ = {isa = PBXBuildFile; fileRef = 3F537A612AE1F169009D10DF /* Pokemon.swift */; };
		3F537A672AE1F276009D10DF /* ApiCall.swift in Sources */ = {isa = PBXBuildFile; fileRef = 3F537A662AE1F276009D10DF /* ApiCall.swift */; };
		3F537A6B2AE204CD009D10DF /* PokemonDetails.swift in Sources */ = {isa = PBXBuildFile; fileRef = 3F537A6A2AE204CD009D10DF /* PokemonDetails.swift */; };
/* End PBXBuildFile section */

/* Begin PBXFileReference section */
		3F537A482AE1EA48009D10DF /* ConsumingApi.app */ = {isa = PBXFileReference; explicitFileType = wrapper.application; includeInIndex = 0; path = ConsumingApi.app; sourceTree = BUILT_PRODUCTS_DIR; };
		3F537A4B2AE1EA48009D10DF /* ConsumingApiApp.swift */ = {isa = PBXFileReference; lastKnownFileType = sourcecode.swift; path = ConsumingApiApp.swift; sourceTree = "<group>"; };
		3F537A4D2AE1EA48009D10DF /* ContentView.swift */ = {isa = PBXFileReference; lastKnownFileType = sourcecode.swift; path = ContentView.swift; sourceTree = "<group>"; };
		3F537A4F2AE1EA48009D10DF /* Assets.xcassets */ = {isa = PBXFileReference; lastKnownFileType = folder.assetcatalog; path = Assets.xcassets; sourceTree = "<group>"; };
		3F537A522AE1EA48009D10DF /* Preview Assets.xcassets */ = {isa = PBXFileReference; lastKnownFileType = folder.assetcatalog; path = "Preview Assets.xcassets"; sourceTree = "<group>"; };
		3F537A612AE1F169009D10DF /* Pokemon.swift */ = {isa = PBXFileReference; lastKnownFileType = sourcecode.swift; path = Pokemon.swift; sourceTree = "<group>"; };
		3F537A662AE1F276009D10DF /* ApiCall.swift */ = {isa = PBXFileReference; lastKnownFileType = sourcecode.swift; path = ApiCall.swift; sourceTree = "<group>"; };
		3F537A6A2AE204CD009D10DF /* PokemonDetails.swift */ = {isa = PBXFileReference; lastKnownFileType = sourcecode.swift; path = PokemonDetails.swift; sourceTree = "<group>"; };
/* End PBXFileReference section */

/* Begin PBXFrameworksBuildPhase section */
		3F537A452AE1EA48009D10DF /* Frameworks */ = {
			isa = PBXFrameworksBuildPhase;
			buildActionMask = 2147483647;
			files = (
			);
			runOnlyForDeploymentPostprocessing = 0;
		};
/* End PBXFrameworksBuildPhase section */

/* Begin PBXGroup section */
		3F537A3F2AE1EA48009D10DF = {
			isa = PBXGroup;
			children = (
				3F537A4A2AE1EA48009D10DF /* ConsumingApi */,
				3F537A492AE1EA48009D10DF /* Products */,
			);
			sourceTree = "<group>";
		};
		3F537A492AE1EA48009D10DF /* Products */ = {
			isa = PBXGroup;
			children = (
				3F537A482AE1EA48009D10DF /* ConsumingApi.app */,
			);
			name = Products;
			sourceTree = "<group>";
		};
		3F537A4A2AE1EA48009D10DF /* ConsumingApi */ = {
			isa = PBXGroup;
			children = (
				3F537A652AE1F266009D10DF /* Api */,
				3F537A5F2AE1F155009D10DF /* Model */,
				3F537A4B2AE1EA48009D10DF /* ConsumingApiApp.swift */,
				3F537A4D2AE1EA48009D10DF /* ContentView.swift */,
				3F537A4F2AE1EA48009D10DF /* Assets.xcassets */,
				3F537A512AE1EA48009D10DF /* Preview Content */,
			);
			path = ConsumingApi;
			sourceTree = "<group>";
		};
		3F537A512AE1EA48009D10DF /* Preview Content */ = {
			isa = PBXGroup;
			children = (
				3F537A522AE1EA48009D10DF /* Preview Assets.xcassets */,
			);
			path = "Preview Content";
			sourceTree = "<group>";
		};
		3F537A5F2AE1F155009D10DF /* Model */ = {
			isa = PBXGroup;
			children = (
				3F537A612AE1F169009D10DF /* Pokemon.swift */,
				3F537A6A2AE204CD009D10DF /* PokemonDetails.swift */,
			);
			path = Model;
			sourceTree = "<group>";
		};
		3F537A652AE1F266009D10DF /* Api */ = {
			isa = PBXGroup;
			children = (
				3F537A662AE1F276009D10DF /* ApiCall.swift */,
			);
			path = Api;
			sourceTree = "<group>";
		};
/* End PBXGroup section */

/* Begin PBXNativeTarget section */
		3F537A472AE1EA48009D10DF /* ConsumingApi */ = {
			isa = PBXNativeTarget;
			buildConfigurationList = 3F537A562AE1EA48009D10DF /* Build configuration list for PBXNativeTarget "ConsumingApi" */;
			buildPhases = (
				3F537A442AE1EA48009D10DF /* Sources */,
				3F537A452AE1EA48009D10DF /* Frameworks */,
				3F537A462AE1EA48009D10DF /* Resources */,
			);
			buildRules = (
			);
			dependencies = (
			);
			name = ConsumingApi;
			productName = ConsumingApi;
			productReference = 3F537A482AE1EA48009D10DF /* ConsumingApi.app */;
			productType = "com.apple.product-type.application";
		};
/* End PBXNativeTarget section */

/* Begin PBXProject section */
		3F537A402AE1EA48009D10DF /* Project object */ = {
			isa = PBXProject;
			attributes = {
				BuildIndependentTargetsInParallel = 1;
				LastSwiftUpdateCheck = 1420;
				LastUpgradeCheck = 1420;
				TargetAttributes = {
					3F537A472AE1EA48009D10DF = {
						CreatedOnToolsVersion = 14.2;
					};
				};
			};
			buildConfigurationList = 3F537A432AE1EA48009D10DF /* Build configuration list for PBXProject "ConsumingApi" */;
			compatibilityVersion = "Xcode 14.0";
			developmentRegion = en;
			hasScannedForEncodings = 0;
			knownRegions = (
				en,
				Base,
			);
			mainGroup = 3F537A3F2AE1EA48009D10DF;
			productRefGroup = 3F537A492AE1EA48009D10DF /* Products */;
			projectDirPath = "";
			projectRoot = "";
			targets = (
				3F537A472AE1EA48009D10DF /* ConsumingApi */,
			);
		};
/* End PBXProject section */

/* Begin PBXResourcesBuildPhase section */
		3F537A462AE1EA48009D10DF /* Resources */ = {
			isa = PBXResourcesBuildPhase;
			buildActionMask = 2147483647;
			files = (
				3F537A532AE1EA48009D10DF /* Preview Assets.xcassets in Resources */,
				3F537A502AE1EA48009D10DF /* Assets.xcassets in Resources */,
			);
			runOnlyForDeploymentPostprocessing = 0;
		};
/* End PBXResourcesBuildPhase section */

/* Begin PBXSourcesBuildPhase section */
		3F537A442AE1EA48009D10DF /* Sources */ = {
			isa = PBXSourcesBuildPhase;
			buildActionMask = 2147483647;
			files = (
				3F537A672AE1F276009D10DF /* ApiCall.swift in Sources */,
				3F537A622AE1F169009D10DF /* Pokemon.swift in Sources */,
				3F537A4E2AE1EA48009D10DF /* ContentView.swift in Sources */,
				3F537A4C2AE1EA48009D10DF /* ConsumingApiApp.swift in Sources */,
				3F537A6B2AE204CD009D10DF /* PokemonDetails.swift in Sources */,
			);
			runOnlyForDeploymentPostprocessing = 0;
		};
/* End PBXSourcesBuildPhase section */

/* Begin XCBuildConfiguration section */
		3F537A542AE1EA48009D10DF /* Debug */ = {
			isa = XCBuildConfiguration;
			buildSettings = {
				ALWAYS_SEARCH_USER_PATHS = NO;
				CLANG_ANALYZER_NONNULL = YES;
				CLANG_ANALYZER_NUMBER_OBJECT_CONVERSION = YES_AGGRESSIVE;
				CLANG_CXX_LANGUAGE_STANDARD = "gnu++20";
				CLANG_ENABLE_MODULES = YES;
				CLANG_ENABLE_OBJC_ARC = YES;
				CLANG_ENABLE_OBJC_WEAK = YES;
				CLANG_WARN_BLOCK_CAPTURE_AUTORELEASING = YES;
				CLANG_WARN_BOOL_CONVERSION = YES;
				CLANG_WARN_COMMA = YES;
				CLANG_WARN_CONSTANT_CONVERSION = YES;
				CLANG_WARN_DEPRECATED_OBJC_IMPLEMENTATIONS = YES;
				CLANG_WARN_DIRECT_OBJC_ISA_USAGE = YES_ERROR;
				CLANG_WARN_DOCUMENTATION_COMMENTS = YES;
				CLANG_WARN_EMPTY_BODY = YES;
				CLANG_WARN_ENUM_CONVERSION = YES;
				CLANG_WARN_INFINITE_RECURSION = YES;
				CLANG_WARN_INT_CONVERSION = YES;
				CLANG_WARN_NON_LITERAL_NULL_CONVERSION = YES;
				CLANG_WARN_OBJC_IMPLICIT_RETAIN_SELF = YES;
				CLANG_WARN_OBJC_LITERAL_CONVERSION = YES;
				CLANG_WARN_OBJC_ROOT_CLASS = YES_ERROR;
				CLANG_WARN_QUOTED_INCLUDE_IN_FRAMEWORK_HEADER = YES;
				CLANG_WARN_RANGE_LOOP_ANALYSIS = YES;
				CLANG_WARN_STRICT_PROTOTYPES = YES;
				CLANG_WARN_SUSPICIOUS_MOVE = YES;
				CLANG_WARN_UNGUARDED_AVAILABILITY = YES_AGGRESSIVE;
				CLANG_WARN_UNREACHABLE_CODE = YES;
				CLANG_WARN__DUPLICATE_METHOD_MATCH = YES;
				COPY_PHASE_STRIP = NO;
				DEBUG_INFORMATION_FORMAT = dwarf;
				ENABLE_STRICT_OBJC_MSGSEND = YES;
				ENABLE_TESTABILITY = YES;
				GCC_C_LANGUAGE_STANDARD = gnu11;
				GCC_DYNAMIC_NO_PIC = NO;
				GCC_NO_COMMON_BLOCKS = YES;
				GCC_OPTIMIZATION_LEVEL = 0;
				GCC_PREPROCESSOR_DEFINITIONS = (
					"DEBUG=1",
					"$(inherited)",
				);
				GCC_WARN_64_TO_32_BIT_CONVERSION = YES;
				GCC_WARN_ABOUT_RETURN_TYPE = YES_ERROR;
				GCC_WARN_UNDECLARED_SELECTOR = YES;
				GCC_WARN_UNINITIALIZED_AUTOS = YES_AGGRESSIVE;
				GCC_WARN_UNUSED_FUNCTION = YES;
				GCC_WARN_UNUSED_VARIABLE = YES;
				IPHONEOS_DEPLOYMENT_TARGET = 16.2;
				MTL_ENABLE_DEBUG_INFO = INCLUDE_SOURCE;
				MTL_FAST_MATH = YES;
				ONLY_ACTIVE_ARCH = YES;
				SDKROOT = iphoneos;
				SWIFT_ACTIVE_COMPILATION_CONDITIONS = DEBUG;
				SWIFT_OPTIMIZATION_LEVEL = "-Onone";
			};
			name = Debug;
		};
		3F537A552AE1EA48009D10DF /* Release */ = {
			isa = XCBuildConfiguration;
			buildSettings = {
				ALWAYS_SEARCH_USER_PATHS = NO;
				CLANG_ANALYZER_NONNULL = YES;
				CLANG_ANALYZER_NUMBER_OBJECT_CONVERSION = YES_AGGRESSIVE;
				CLANG_CXX_LANGUAGE_STANDARD = "gnu++20";
				CLANG_ENABLE_MODULES = YES;
				CLANG_ENABLE_OBJC_ARC = YES;
				CLANG_ENABLE_OBJC_WEAK = YES;
				CLANG_WARN_BLOCK_CAPTURE_AUTORELEASING = YES;
				CLANG_WARN_BOOL_CONVERSION = YES;
				CLANG_WARN_COMMA = YES;
				CLANG_WARN_CONSTANT_CONVERSION = YES;
				CLANG_WARN_DEPRECATED_OBJC_IMPLEMENTATIONS = YES;
				CLANG_WARN_DIRECT_OBJC_ISA_USAGE = YES_ERROR;
				CLANG_WARN_DOCUMENTATION_COMMENTS = YES;
				CLANG_WARN_EMPTY_BODY = YES;
				CLANG_WARN_ENUM_CONVERSION = YES;
				CLANG_WARN_INFINITE_RECURSION = YES;
				CLANG_WARN_INT_CONVERSION = YES;
				CLANG_WARN_NON_LITERAL_NULL_CONVERSION = YES;
				CLANG_WARN_OBJC_IMPLICIT_RETAIN_SELF = YES;
				CLANG_WARN_OBJC_LITERAL_CONVERSION = YES;
				CLANG_WARN_OBJC_ROOT_CLASS = YES_ERROR;
				CLANG_WARN_QUOTED_INCLUDE_IN_FRAMEWORK_HEADER = YES;
				CLANG_WARN_RANGE_LOOP_ANALYSIS = YES;
				CLANG_WARN_STRICT_PROTOTYPES = YES;
				CLANG_WARN_SUSPICIOUS_MOVE = YES;
				CLANG_WARN_UNGUARDED_AVAILABILITY = YES_AGGRESSIVE;
				CLANG_WARN_UNREACHABLE_CODE = YES;
				CLANG_WARN__DUPLICATE_METHOD_MATCH = YES;
				COPY_PHASE_STRIP = NO;
				DEBUG_INFORMATION_FORMAT = "dwarf-with-dsym";
				ENABLE_NS_ASSERTIONS = NO;
				ENABLE_STRICT_OBJC_MSGSEND = YES;
				GCC_C_LANGUAGE_STANDARD = gnu11;
				GCC_NO_COMMON_BLOCKS = YES;
				GCC_WARN_64_TO_32_BIT_CONVERSION = YES;
				GCC_WARN_ABOUT_RETURN_TYPE = YES_ERROR;
				GCC_WARN_UNDECLARED_SELECTOR = YES;
				GCC_WARN_UNINITIALIZED_AUTOS = YES_AGGRESSIVE;
				GCC_WARN_UNUSED_FUNCTION = YES;
				GCC_WARN_UNUSED_VARIABLE = YES;
				IPHONEOS_DEPLOYMENT_TARGET = 16.2;
				MTL_ENABLE_DEBUG_INFO = NO;
				MTL_FAST_MATH = YES;
				SDKROOT = iphoneos;
				SWIFT_COMPILATION_MODE = wholemodule;
				SWIFT_OPTIMIZATION_LEVEL = "-O";
				VALIDATE_PRODUCT = YES;
			};
			name = Release;
		};
		3F537A572AE1EA48009D10DF /* Debug */ = {
			isa = XCBuildConfiguration;
			buildSettings = {
				ASSETCATALOG_COMPILER_APPICON_NAME = AppIcon;
				ASSETCATALOG_COMPILER_GLOBAL_ACCENT_COLOR_NAME = AccentColor;
				CODE_SIGN_STYLE = Automatic;
				CURRENT_PROJECT_VERSION = 1;
				DEVELOPMENT_ASSET_PATHS = "\"ConsumingApi/Preview Content\"";
				ENABLE_PREVIEWS = YES;
				GENERATE_INFOPLIST_FILE = YES;
				INFOPLIST_KEY_UIApplicationSceneManifest_Generation = YES;
				INFOPLIST_KEY_UIApplicationSupportsIndirectInputEvents = YES;
				INFOPLIST_KEY_UILaunchScreen_Generation = YES;
				INFOPLIST_KEY_UISupportedInterfaceOrientations_iPad = "UIInterfaceOrientationPortrait UIInterfaceOrientationPortraitUpsideDown UIInterfaceOrientationLandscapeLeft UIInterfaceOrientationLandscapeRight";
				INFOPLIST_KEY_UISupportedInterfaceOrientations_iPhone = "UIInterfaceOrientationPortrait UIInterfaceOrientationLandscapeLeft UIInterfaceOrientationLandscapeRight";
				LD_RUNPATH_SEARCH_PATHS = (
					"$(inherited)",
					"@executable_path/Frameworks",
				);
				MARKETING_VERSION = 1.0;
				PRODUCT_BUNDLE_IDENTIFIER = br.com.ConsumingApi;
				PRODUCT_NAME = "$(TARGET_NAME)";
				SWIFT_EMIT_LOC_STRINGS = YES;
				SWIFT_VERSION = 5.0;
				TARGETED_DEVICE_FAMILY = "1,2";
			};
			name = Debug;
		};
		3F537A582AE1EA48009D10DF /* Release */ = {
			isa = XCBuildConfiguration;
			buildSettings = {
				ASSETCATALOG_COMPILER_APPICON_NAME = AppIcon;
				ASSETCATALOG_COMPILER_GLOBAL_ACCENT_COLOR_NAME = AccentColor;
				CODE_SIGN_STYLE = Automatic;
				CURRENT_PROJECT_VERSION = 1;
				DEVELOPMENT_ASSET_PATHS = "\"ConsumingApi/Preview Content\"";
				ENABLE_PREVIEWS = YES;
				GENERATE_INFOPLIST_FILE = YES;
				INFOPLIST_KEY_UIApplicationSceneManifest_Generation = YES;
				INFOPLIST_KEY_UIApplicationSupportsIndirectInputEvents = YES;
				INFOPLIST_KEY_UILaunchScreen_Generation = YES;
				INFOPLIST_KEY_UISupportedInterfaceOrientations_iPad = "UIInterfaceOrientationPortrait UIInterfaceOrientationPortraitUpsideDown UIInterfaceOrientationLandscapeLeft UIInterfaceOrientationLandscapeRight";
				INFOPLIST_KEY_UISupportedInterfaceOrientations_iPhone = "UIInterfaceOrientationPortrait UIInterfaceOrientationLandscapeLeft UIInterfaceOrientationLandscapeRight";
				LD_RUNPATH_SEARCH_PATHS = (
					"$(inherited)",
					"@executable_path/Frameworks",
				);
				MARKETING_VERSION = 1.0;
				PRODUCT_BUNDLE_IDENTIFIER = br.com.ConsumingApi;
				PRODUCT_NAME = "$(TARGET_NAME)";
				SWIFT_EMIT_LOC_STRINGS = YES;
				SWIFT_VERSION = 5.0;
				TARGETED_DEVICE_FAMILY = "1,2";
			};
			name = Release;
		};
/* End XCBuildConfiguration section */

/* Begin XCConfigurationList section */
		3F537A432AE1EA48009D10DF /* Build configuration list for PBXProject "ConsumingApi" */ = {
			isa = XCConfigurationList;
			buildConfigurations = (
				3F537A542AE1EA48009D10DF /* Debug */,
				3F537A552AE1EA48009D10DF /* Release */,
			);
			defaultConfigurationIsVisible = 0;
			defaultConfigurationName = Release;
		};
		3F537A562AE1EA48009D10DF /* Build configuration list for PBXNativeTarget "ConsumingApi" */ = {
			isa = XCConfigurationList;
			buildConfigurations = (
				3F537A572AE1EA48009D10DF /* Debug */,
				3F537A582AE1EA48009D10DF /* Release */,
			);
			defaultConfigurationIsVisible = 0;
			defaultConfigurationName = Release;
		};
/* End XCConfigurationList section */
	};
	rootObject = 3F537A402AE1EA48009D10DF /* Project object */;
}
