// !$*UTF8*$!
{
	archiveVersion = 1;
	classes = {
	};
	objectVersion = 56;
	objects = {

/* Begin PBXBuildFile section */
		3FE131762AD4B9E70007FD43 /* DesafiosApp.swift in Sources */ = {isa = PBXBuildFile; fileRef = 3FE131752AD4B9E70007FD43 /* DesafiosApp.swift */; };
		3FE131782AD4B9E70007FD43 /* ContentView.swift in Sources */ = {isa = PBXBuildFile; fileRef = 3FE131772AD4B9E70007FD43 /* ContentView.swift */; };
		3FE1317A2AD4B9E90007FD43 /* Assets.xcassets in Resources */ = {isa = PBXBuildFile; fileRef = 3FE131792AD4B9E90007FD43 /* Assets.xcassets */; };
		3FE1317D2AD4B9E90007FD43 /* Preview Assets.xcassets in Resources */ = {isa = PBXBuildFile; fileRef = 3FE1317C2AD4B9E90007FD43 /* Preview Assets.xcassets */; };
		3FE131862AD4BA510007FD43 /* Challenge1.swift in Sources */ = {isa = PBXBuildFile; fileRef = 3FE131852AD4BA510007FD43 /* Challenge1.swift */; };
		3FE131882AD4BE260007FD43 /* Challenge2.swift in Sources */ = {isa = PBXBuildFile; fileRef = 3FE131872AD4BE260007FD43 /* Challenge2.swift */; };
		3FE1318A2AD4CFD10007FD43 /* Challenge3.swift in Sources */ = {isa = PBXBuildFile; fileRef = 3FE131892AD4CFD00007FD43 /* Challenge3.swift */; };
		3FE1318C2AD608680007FD43 /* Challenge4.swift in Sources */ = {isa = PBXBuildFile; fileRef = 3FE1318B2AD608680007FD43 /* Challenge4.swift */; };
/* End PBXBuildFile section */

/* Begin PBXFileReference section */
		3FE131722AD4B9E70007FD43 /* Desafios.app */ = {isa = PBXFileReference; explicitFileType = wrapper.application; includeInIndex = 0; path = Desafios.app; sourceTree = BUILT_PRODUCTS_DIR; };
		3FE131752AD4B9E70007FD43 /* DesafiosApp.swift */ = {isa = PBXFileReference; lastKnownFileType = sourcecode.swift; path = DesafiosApp.swift; sourceTree = "<group>"; };
		3FE131772AD4B9E70007FD43 /* ContentView.swift */ = {isa = PBXFileReference; lastKnownFileType = sourcecode.swift; path = ContentView.swift; sourceTree = "<group>"; };
		3FE131792AD4B9E90007FD43 /* Assets.xcassets */ = {isa = PBXFileReference; lastKnownFileType = folder.assetcatalog; path = Assets.xcassets; sourceTree = "<group>"; };
		3FE1317C2AD4B9E90007FD43 /* Preview Assets.xcassets */ = {isa = PBXFileReference; lastKnownFileType = folder.assetcatalog; path = "Preview Assets.xcassets"; sourceTree = "<group>"; };
		3FE131852AD4BA510007FD43 /* Challenge1.swift */ = {isa = PBXFileReference; lastKnownFileType = sourcecode.swift; path = Challenge1.swift; sourceTree = "<group>"; };
		3FE131872AD4BE260007FD43 /* Challenge2.swift */ = {isa = PBXFileReference; lastKnownFileType = sourcecode.swift; path = Challenge2.swift; sourceTree = "<group>"; };
		3FE131892AD4CFD00007FD43 /* Challenge3.swift */ = {isa = PBXFileReference; lastKnownFileType = sourcecode.swift; path = Challenge3.swift; sourceTree = "<group>"; };
		3FE1318B2AD608680007FD43 /* Challenge4.swift */ = {isa = PBXFileReference; lastKnownFileType = sourcecode.swift; path = Challenge4.swift; sourceTree = "<group>"; };
/* End PBXFileReference section */

/* Begin PBXFrameworksBuildPhase section */
		3FE1316F2AD4B9E70007FD43 /* Frameworks */ = {
			isa = PBXFrameworksBuildPhase;
			buildActionMask = 2147483647;
			files = (
			);
			runOnlyForDeploymentPostprocessing = 0;
		};
/* End PBXFrameworksBuildPhase section */

/* Begin PBXGroup section */
		3FE131692AD4B9E70007FD43 = {
			isa = PBXGroup;
			children = (
				3FE131742AD4B9E70007FD43 /* Desafios */,
				3FE131732AD4B9E70007FD43 /* Products */,
			);
			sourceTree = "<group>";
		};
		3FE131732AD4B9E70007FD43 /* Products */ = {
			isa = PBXGroup;
			children = (
				3FE131722AD4B9E70007FD43 /* Desafios.app */,
			);
			name = Products;
			sourceTree = "<group>";
		};
		3FE131742AD4B9E70007FD43 /* Desafios */ = {
			isa = PBXGroup;
			children = (
				3FE131752AD4B9E70007FD43 /* DesafiosApp.swift */,
				3FE131772AD4B9E70007FD43 /* ContentView.swift */,
				3FE131792AD4B9E90007FD43 /* Assets.xcassets */,
				3FE1317B2AD4B9E90007FD43 /* Preview Content */,
				3FE131852AD4BA510007FD43 /* Challenge1.swift */,
				3FE131872AD4BE260007FD43 /* Challenge2.swift */,
				3FE131892AD4CFD00007FD43 /* Challenge3.swift */,
				3FE1318B2AD608680007FD43 /* Challenge4.swift */,
			);
			path = Desafios;
			sourceTree = "<group>";
		};
		3FE1317B2AD4B9E90007FD43 /* Preview Content */ = {
			isa = PBXGroup;
			children = (
				3FE1317C2AD4B9E90007FD43 /* Preview Assets.xcassets */,
			);
			path = "Preview Content";
			sourceTree = "<group>";
		};
/* End PBXGroup section */

/* Begin PBXNativeTarget section */
		3FE131712AD4B9E70007FD43 /* Desafios */ = {
			isa = PBXNativeTarget;
			buildConfigurationList = 3FE131802AD4B9E90007FD43 /* Build configuration list for PBXNativeTarget "Desafios" */;
			buildPhases = (
				3FE1316E2AD4B9E70007FD43 /* Sources */,
				3FE1316F2AD4B9E70007FD43 /* Frameworks */,
				3FE131702AD4B9E70007FD43 /* Resources */,
			);
			buildRules = (
			);
			dependencies = (
			);
			name = Desafios;
			productName = Desafios;
			productReference = 3FE131722AD4B9E70007FD43 /* Desafios.app */;
			productType = "com.apple.product-type.application";
		};
/* End PBXNativeTarget section */

/* Begin PBXProject section */
		3FE1316A2AD4B9E70007FD43 /* Project object */ = {
			isa = PBXProject;
			attributes = {
				BuildIndependentTargetsInParallel = 1;
				LastSwiftUpdateCheck = 1420;
				LastUpgradeCheck = 1420;
				TargetAttributes = {
					3FE131712AD4B9E70007FD43 = {
						CreatedOnToolsVersion = 14.2;
					};
				};
			};
			buildConfigurationList = 3FE1316D2AD4B9E70007FD43 /* Build configuration list for PBXProject "Desafios" */;
			compatibilityVersion = "Xcode 14.0";
			developmentRegion = en;
			hasScannedForEncodings = 0;
			knownRegions = (
				en,
				Base,
			);
			mainGroup = 3FE131692AD4B9E70007FD43;
			productRefGroup = 3FE131732AD4B9E70007FD43 /* Products */;
			projectDirPath = "";
			projectRoot = "";
			targets = (
				3FE131712AD4B9E70007FD43 /* Desafios */,
			);
		};
/* End PBXProject section */

/* Begin PBXResourcesBuildPhase section */
		3FE131702AD4B9E70007FD43 /* Resources */ = {
			isa = PBXResourcesBuildPhase;
			buildActionMask = 2147483647;
			files = (
				3FE1317D2AD4B9E90007FD43 /* Preview Assets.xcassets in Resources */,
				3FE1317A2AD4B9E90007FD43 /* Assets.xcassets in Resources */,
			);
			runOnlyForDeploymentPostprocessing = 0;
		};
/* End PBXResourcesBuildPhase section */

/* Begin PBXSourcesBuildPhase section */
		3FE1316E2AD4B9E70007FD43 /* Sources */ = {
			isa = PBXSourcesBuildPhase;
			buildActionMask = 2147483647;
			files = (
				3FE1318C2AD608680007FD43 /* Challenge4.swift in Sources */,
				3FE131862AD4BA510007FD43 /* Challenge1.swift in Sources */,
				3FE131782AD4B9E70007FD43 /* ContentView.swift in Sources */,
				3FE131882AD4BE260007FD43 /* Challenge2.swift in Sources */,
				3FE1318A2AD4CFD10007FD43 /* Challenge3.swift in Sources */,
				3FE131762AD4B9E70007FD43 /* DesafiosApp.swift in Sources */,
			);
			runOnlyForDeploymentPostprocessing = 0;
		};
/* End PBXSourcesBuildPhase section */

/* Begin XCBuildConfiguration section */
		3FE1317E2AD4B9E90007FD43 /* Debug */ = {
			isa = XCBuildConfiguration;
			buildSettings = {
				ALWAYS_SEARCH_USER_PATHS = NO;
				CLANG_ANALYZER_NONNULL = YES;
				CLANG_ANALYZER_NUMBER_OBJECT_CONVERSION = YES_AGGRESSIVE;
				CLANG_CXX_LANGUAGE_STANDARD = "gnu++20";
				CLANG_ENABLE_MODULES = YES;
				CLANG_ENABLE_OBJC_ARC = YES;
				CLANG_ENABLE_OBJC_WEAK = YES;
				CLANG_WARN_BLOCK_CAPTURE_AUTORELEASING = YES;
				CLANG_WARN_BOOL_CONVERSION = YES;
				CLANG_WARN_COMMA = YES;
				CLANG_WARN_CONSTANT_CONVERSION = YES;
				CLANG_WARN_DEPRECATED_OBJC_IMPLEMENTATIONS = YES;
				CLANG_WARN_DIRECT_OBJC_ISA_USAGE = YES_ERROR;
				CLANG_WARN_DOCUMENTATION_COMMENTS = YES;
				CLANG_WARN_EMPTY_BODY = YES;
				CLANG_WARN_ENUM_CONVERSION = YES;
				CLANG_WARN_INFINITE_RECURSION = YES;
				CLANG_WARN_INT_CONVERSION = YES;
				CLANG_WARN_NON_LITERAL_NULL_CONVERSION = YES;
				CLANG_WARN_OBJC_IMPLICIT_RETAIN_SELF = YES;
				CLANG_WARN_OBJC_LITERAL_CONVERSION = YES;
				CLANG_WARN_OBJC_ROOT_CLASS = YES_ERROR;
				CLANG_WARN_QUOTED_INCLUDE_IN_FRAMEWORK_HEADER = YES;
				CLANG_WARN_RANGE_LOOP_ANALYSIS = YES;
				CLANG_WARN_STRICT_PROTOTYPES = YES;
				CLANG_WARN_SUSPICIOUS_MOVE = YES;
				CLANG_WARN_UNGUARDED_AVAILABILITY = YES_AGGRESSIVE;
				CLANG_WARN_UNREACHABLE_CODE = YES;
				CLANG_WARN__DUPLICATE_METHOD_MATCH = YES;
				COPY_PHASE_STRIP = NO;
				DEBUG_INFORMATION_FORMAT = dwarf;
				ENABLE_STRICT_OBJC_MSGSEND = YES;
				ENABLE_TESTABILITY = YES;
				GCC_C_LANGUAGE_STANDARD = gnu11;
				GCC_DYNAMIC_NO_PIC = NO;
				GCC_NO_COMMON_BLOCKS = YES;
				GCC_OPTIMIZATION_LEVEL = 0;
				GCC_PREPROCESSOR_DEFINITIONS = (
					"DEBUG=1",
					"$(inherited)",
				);
				GCC_WARN_64_TO_32_BIT_CONVERSION = YES;
				GCC_WARN_ABOUT_RETURN_TYPE = YES_ERROR;
				GCC_WARN_UNDECLARED_SELECTOR = YES;
				GCC_WARN_UNINITIALIZED_AUTOS = YES_AGGRESSIVE;
				GCC_WARN_UNUSED_FUNCTION = YES;
				GCC_WARN_UNUSED_VARIABLE = YES;
				IPHONEOS_DEPLOYMENT_TARGET = 16.2;
				MTL_ENABLE_DEBUG_INFO = INCLUDE_SOURCE;
				MTL_FAST_MATH = YES;
				ONLY_ACTIVE_ARCH = YES;
				SDKROOT = iphoneos;
				SWIFT_ACTIVE_COMPILATION_CONDITIONS = DEBUG;
				SWIFT_OPTIMIZATION_LEVEL = "-Onone";
			};
			name = Debug;
		};
		3FE1317F2AD4B9E90007FD43 /* Release */ = {
			isa = XCBuildConfiguration;
			buildSettings = {
				ALWAYS_SEARCH_USER_PATHS = NO;
				CLANG_ANALYZER_NONNULL = YES;
				CLANG_ANALYZER_NUMBER_OBJECT_CONVERSION = YES_AGGRESSIVE;
				CLANG_CXX_LANGUAGE_STANDARD = "gnu++20";
				CLANG_ENABLE_MODULES = YES;
				CLANG_ENABLE_OBJC_ARC = YES;
				CLANG_ENABLE_OBJC_WEAK = YES;
				CLANG_WARN_BLOCK_CAPTURE_AUTORELEASING = YES;
				CLANG_WARN_BOOL_CONVERSION = YES;
				CLANG_WARN_COMMA = YES;
				CLANG_WARN_CONSTANT_CONVERSION = YES;
				CLANG_WARN_DEPRECATED_OBJC_IMPLEMENTATIONS = YES;
				CLANG_WARN_DIRECT_OBJC_ISA_USAGE = YES_ERROR;
				CLANG_WARN_DOCUMENTATION_COMMENTS = YES;
				CLANG_WARN_EMPTY_BODY = YES;
				CLANG_WARN_ENUM_CONVERSION = YES;
				CLANG_WARN_INFINITE_RECURSION = YES;
				CLANG_WARN_INT_CONVERSION = YES;
				CLANG_WARN_NON_LITERAL_NULL_CONVERSION = YES;
				CLANG_WARN_OBJC_IMPLICIT_RETAIN_SELF = YES;
				CLANG_WARN_OBJC_LITERAL_CONVERSION = YES;
				CLANG_WARN_OBJC_ROOT_CLASS = YES_ERROR;
				CLANG_WARN_QUOTED_INCLUDE_IN_FRAMEWORK_HEADER = YES;
				CLANG_WARN_RANGE_LOOP_ANALYSIS = YES;
				CLANG_WARN_STRICT_PROTOTYPES = YES;
				CLANG_WARN_SUSPICIOUS_MOVE = YES;
				CLANG_WARN_UNGUARDED_AVAILABILITY = YES_AGGRESSIVE;
				CLANG_WARN_UNREACHABLE_CODE = YES;
				CLANG_WARN__DUPLICATE_METHOD_MATCH = YES;
				COPY_PHASE_STRIP = NO;
				DEBUG_INFORMATION_FORMAT = "dwarf-with-dsym";
				ENABLE_NS_ASSERTIONS = NO;
				ENABLE_STRICT_OBJC_MSGSEND = YES;
				GCC_C_LANGUAGE_STANDARD = gnu11;
				GCC_NO_COMMON_BLOCKS = YES;
				GCC_WARN_64_TO_32_BIT_CONVERSION = YES;
				GCC_WARN_ABOUT_RETURN_TYPE = YES_ERROR;
				GCC_WARN_UNDECLARED_SELECTOR = YES;
				GCC_WARN_UNINITIALIZED_AUTOS = YES_AGGRESSIVE;
				GCC_WARN_UNUSED_FUNCTION = YES;
				GCC_WARN_UNUSED_VARIABLE = YES;
				IPHONEOS_DEPLOYMENT_TARGET = 16.2;
				MTL_ENABLE_DEBUG_INFO = NO;
				MTL_FAST_MATH = YES;
				SDKROOT = iphoneos;
				SWIFT_COMPILATION_MODE = wholemodule;
				SWIFT_OPTIMIZATION_LEVEL = "-O";
				VALIDATE_PRODUCT = YES;
			};
			name = Release;
		};
		3FE131812AD4B9E90007FD43 /* Debug */ = {
			isa = XCBuildConfiguration;
			buildSettings = {
				ASSETCATALOG_COMPILER_APPICON_NAME = AppIcon;
				ASSETCATALOG_COMPILER_GLOBAL_ACCENT_COLOR_NAME = AccentColor;
				CODE_SIGN_STYLE = Automatic;
				CURRENT_PROJECT_VERSION = 1;
				DEVELOPMENT_ASSET_PATHS = "\"Desafios/Preview Content\"";
				ENABLE_PREVIEWS = YES;
				GENERATE_INFOPLIST_FILE = YES;
				INFOPLIST_KEY_UIApplicationSceneManifest_Generation = YES;
				INFOPLIST_KEY_UIApplicationSupportsIndirectInputEvents = YES;
				INFOPLIST_KEY_UILaunchScreen_Generation = YES;
				INFOPLIST_KEY_UISupportedInterfaceOrientations_iPad = "UIInterfaceOrientationPortrait UIInterfaceOrientationPortraitUpsideDown UIInterfaceOrientationLandscapeLeft UIInterfaceOrientationLandscapeRight";
				INFOPLIST_KEY_UISupportedInterfaceOrientations_iPhone = "UIInterfaceOrientationPortrait UIInterfaceOrientationLandscapeLeft UIInterfaceOrientationLandscapeRight";
				LD_RUNPATH_SEARCH_PATHS = (
					"$(inherited)",
					"@executable_path/Frameworks",
				);
				MARKETING_VERSION = 1.0;
				PRODUCT_BUNDLE_IDENTIFIER = br.com.Desafios;
				PRODUCT_NAME = "$(TARGET_NAME)";
				SWIFT_EMIT_LOC_STRINGS = YES;
				SWIFT_VERSION = 5.0;
				TARGETED_DEVICE_FAMILY = "1,2";
			};
			name = Debug;
		};
		3FE131822AD4B9E90007FD43 /* Release */ = {
			isa = XCBuildConfiguration;
			buildSettings = {
				ASSETCATALOG_COMPILER_APPICON_NAME = AppIcon;
				ASSETCATALOG_COMPILER_GLOBAL_ACCENT_COLOR_NAME = AccentColor;
				CODE_SIGN_STYLE = Automatic;
				CURRENT_PROJECT_VERSION = 1;
				DEVELOPMENT_ASSET_PATHS = "\"Desafios/Preview Content\"";
				ENABLE_PREVIEWS = YES;
				GENERATE_INFOPLIST_FILE = YES;
				INFOPLIST_KEY_UIApplicationSceneManifest_Generation = YES;
				INFOPLIST_KEY_UIApplicationSupportsIndirectInputEvents = YES;
				INFOPLIST_KEY_UILaunchScreen_Generation = YES;
				INFOPLIST_KEY_UISupportedInterfaceOrientations_iPad = "UIInterfaceOrientationPortrait UIInterfaceOrientationPortraitUpsideDown UIInterfaceOrientationLandscapeLeft UIInterfaceOrientationLandscapeRight";
				INFOPLIST_KEY_UISupportedInterfaceOrientations_iPhone = "UIInterfaceOrientationPortrait UIInterfaceOrientationLandscapeLeft UIInterfaceOrientationLandscapeRight";
				LD_RUNPATH_SEARCH_PATHS = (
					"$(inherited)",
					"@executable_path/Frameworks",
				);
				MARKETING_VERSION = 1.0;
				PRODUCT_BUNDLE_IDENTIFIER = br.com.Desafios;
				PRODUCT_NAME = "$(TARGET_NAME)";
				SWIFT_EMIT_LOC_STRINGS = YES;
				SWIFT_VERSION = 5.0;
				TARGETED_DEVICE_FAMILY = "1,2";
			};
			name = Release;
		};
/* End XCBuildConfiguration section */

/* Begin XCConfigurationList section */
		3FE1316D2AD4B9E70007FD43 /* Build configuration list for PBXProject "Desafios" */ = {
			isa = XCConfigurationList;
			buildConfigurations = (
				3FE1317E2AD4B9E90007FD43 /* Debug */,
				3FE1317F2AD4B9E90007FD43 /* Release */,
			);
			defaultConfigurationIsVisible = 0;
			defaultConfigurationName = Release;
		};
		3FE131802AD4B9E90007FD43 /* Build configuration list for PBXNativeTarget "Desafios" */ = {
			isa = XCConfigurationList;
			buildConfigurations = (
				3FE131812AD4B9E90007FD43 /* Debug */,
				3FE131822AD4B9E90007FD43 /* Release */,
			);
			defaultConfigurationIsVisible = 0;
			defaultConfigurationName = Release;
		};
/* End XCConfigurationList section */
	};
	rootObject = 3FE1316A2AD4B9E70007FD43 /* Project object */;
}
