// !$*UTF8*$!
{
	archiveVersion = 1;
	classes = {
	};
	objectVersion = 56;
	objects = {

/* Begin PBXBuildFile section */
		3FD3D2F02ADDED3600E62643 /* ListViewSpotifyApp.swift in Sources */ = {isa = PBXBuildFile; fileRef = 3FD3D2EF2ADDED3600E62643 /* ListViewSpotifyApp.swift */; };
		3FD3D2F22ADDED3600E62643 /* ContentView.swift in Sources */ = {isa = PBXBuildFile; fileRef = 3FD3D2F12ADDED3600E62643 /* ContentView.swift */; };
		3FD3D2F42ADDED3800E62643 /* Assets.xcassets in Resources */ = {isa = PBXBuildFile; fileRef = 3FD3D2F32ADDED3800E62643 /* Assets.xcassets */; };
		3FD3D2F72ADDED3800E62643 /* Preview Assets.xcassets in Resources */ = {isa = PBXBuildFile; fileRef = 3FD3D2F62ADDED3800E62643 /* Preview Assets.xcassets */; };
		3FD3D2FE2ADDEE3000E62643 /* HackaFM.swift in Sources */ = {isa = PBXBuildFile; fileRef = 3FD3D2FD2ADDEE3000E62643 /* HackaFM.swift */; };
		3FD3D3002ADDF2C400E62643 /* SongStruct.swift in Sources */ = {isa = PBXBuildFile; fileRef = 3FD3D2FF2ADDF2C400E62643 /* SongStruct.swift */; };
		3FD3D3022ADE06F800E62643 /* PlayView.swift in Sources */ = {isa = PBXBuildFile; fileRef = 3FD3D3012ADE06F800E62643 /* PlayView.swift */; };
		3FD3D3042ADE109E00E62643 /* SugestedStruct.swift in Sources */ = {isa = PBXBuildFile; fileRef = 3FD3D3032ADE109E00E62643 /* SugestedStruct.swift */; };
/* End PBXBuildFile section */

/* Begin PBXFileReference section */
		3FD3D2EC2ADDED3600E62643 /* ListViewSpotify.app */ = {isa = PBXFileReference; explicitFileType = wrapper.application; includeInIndex = 0; path = ListViewSpotify.app; sourceTree = BUILT_PRODUCTS_DIR; };
		3FD3D2EF2ADDED3600E62643 /* ListViewSpotifyApp.swift */ = {isa = PBXFileReference; lastKnownFileType = sourcecode.swift; path = ListViewSpotifyApp.swift; sourceTree = "<group>"; };
		3FD3D2F12ADDED3600E62643 /* ContentView.swift */ = {isa = PBXFileReference; lastKnownFileType = sourcecode.swift; path = ContentView.swift; sourceTree = "<group>"; };
		3FD3D2F32ADDED3800E62643 /* Assets.xcassets */ = {isa = PBXFileReference; lastKnownFileType = folder.assetcatalog; path = Assets.xcassets; sourceTree = "<group>"; };
		3FD3D2F62ADDED3800E62643 /* Preview Assets.xcassets */ = {isa = PBXFileReference; lastKnownFileType = folder.assetcatalog; path = "Preview Assets.xcassets"; sourceTree = "<group>"; };
		3FD3D2FD2ADDEE3000E62643 /* HackaFM.swift */ = {isa = PBXFileReference; lastKnownFileType = sourcecode.swift; path = HackaFM.swift; sourceTree = "<group>"; };
		3FD3D2FF2ADDF2C400E62643 /* SongStruct.swift */ = {isa = PBXFileReference; lastKnownFileType = sourcecode.swift; path = SongStruct.swift; sourceTree = "<group>"; };
		3FD3D3012ADE06F800E62643 /* PlayView.swift */ = {isa = PBXFileReference; lastKnownFileType = sourcecode.swift; path = PlayView.swift; sourceTree = "<group>"; };
		3FD3D3032ADE109E00E62643 /* SugestedStruct.swift */ = {isa = PBXFileReference; lastKnownFileType = sourcecode.swift; path = SugestedStruct.swift; sourceTree = "<group>"; };
/* End PBXFileReference section */

/* Begin PBXFrameworksBuildPhase section */
		3FD3D2E92ADDED3600E62643 /* Frameworks */ = {
			isa = PBXFrameworksBuildPhase;
			buildActionMask = 2147483647;
			files = (
			);
			runOnlyForDeploymentPostprocessing = 0;
		};
/* End PBXFrameworksBuildPhase section */

/* Begin PBXGroup section */
		3FD3D2E32ADDED3600E62643 = {
			isa = PBXGroup;
			children = (
				3FD3D2EE2ADDED3600E62643 /* ListViewSpotify */,
				3FD3D2ED2ADDED3600E62643 /* Products */,
			);
			sourceTree = "<group>";
		};
		3FD3D2ED2ADDED3600E62643 /* Products */ = {
			isa = PBXGroup;
			children = (
				3FD3D2EC2ADDED3600E62643 /* ListViewSpotify.app */,
			);
			name = Products;
			sourceTree = "<group>";
		};
		3FD3D2EE2ADDED3600E62643 /* ListViewSpotify */ = {
			isa = PBXGroup;
			children = (
				3FD3D2EF2ADDED3600E62643 /* ListViewSpotifyApp.swift */,
				3FD3D2FD2ADDEE3000E62643 /* HackaFM.swift */,
				3FD3D3012ADE06F800E62643 /* PlayView.swift */,
				3FD3D2FF2ADDF2C400E62643 /* SongStruct.swift */,
				3FD3D3032ADE109E00E62643 /* SugestedStruct.swift */,
				3FD3D2F12ADDED3600E62643 /* ContentView.swift */,
				3FD3D2F32ADDED3800E62643 /* Assets.xcassets */,
				3FD3D2F52ADDED3800E62643 /* Preview Content */,
			);
			path = ListViewSpotify;
			sourceTree = "<group>";
		};
		3FD3D2F52ADDED3800E62643 /* Preview Content */ = {
			isa = PBXGroup;
			children = (
				3FD3D2F62ADDED3800E62643 /* Preview Assets.xcassets */,
			);
			path = "Preview Content";
			sourceTree = "<group>";
		};
/* End PBXGroup section */

/* Begin PBXNativeTarget section */
		3FD3D2EB2ADDED3600E62643 /* ListViewSpotify */ = {
			isa = PBXNativeTarget;
			buildConfigurationList = 3FD3D2FA2ADDED3800E62643 /* Build configuration list for PBXNativeTarget "ListViewSpotify" */;
			buildPhases = (
				3FD3D2E82ADDED3600E62643 /* Sources */,
				3FD3D2E92ADDED3600E62643 /* Frameworks */,
				3FD3D2EA2ADDED3600E62643 /* Resources */,
			);
			buildRules = (
			);
			dependencies = (
			);
			name = ListViewSpotify;
			productName = ListViewSpotify;
			productReference = 3FD3D2EC2ADDED3600E62643 /* ListViewSpotify.app */;
			productType = "com.apple.product-type.application";
		};
/* End PBXNativeTarget section */

/* Begin PBXProject section */
		3FD3D2E42ADDED3600E62643 /* Project object */ = {
			isa = PBXProject;
			attributes = {
				BuildIndependentTargetsInParallel = 1;
				LastSwiftUpdateCheck = 1420;
				LastUpgradeCheck = 1420;
				TargetAttributes = {
					3FD3D2EB2ADDED3600E62643 = {
						CreatedOnToolsVersion = 14.2;
					};
				};
			};
			buildConfigurationList = 3FD3D2E72ADDED3600E62643 /* Build configuration list for PBXProject "ListViewSpotify" */;
			compatibilityVersion = "Xcode 14.0";
			developmentRegion = en;
			hasScannedForEncodings = 0;
			knownRegions = (
				en,
				Base,
			);
			mainGroup = 3FD3D2E32ADDED3600E62643;
			productRefGroup = 3FD3D2ED2ADDED3600E62643 /* Products */;
			projectDirPath = "";
			projectRoot = "";
			targets = (
				3FD3D2EB2ADDED3600E62643 /* ListViewSpotify */,
			);
		};
/* End PBXProject section */

/* Begin PBXResourcesBuildPhase section */
		3FD3D2EA2ADDED3600E62643 /* Resources */ = {
			isa = PBXResourcesBuildPhase;
			buildActionMask = 2147483647;
			files = (
				3FD3D2F72ADDED3800E62643 /* Preview Assets.xcassets in Resources */,
				3FD3D2F42ADDED3800E62643 /* Assets.xcassets in Resources */,
			);
			runOnlyForDeploymentPostprocessing = 0;
		};
/* End PBXResourcesBuildPhase section */

/* Begin PBXSourcesBuildPhase section */
		3FD3D2E82ADDED3600E62643 /* Sources */ = {
			isa = PBXSourcesBuildPhase;
			buildActionMask = 2147483647;
			files = (
				3FD3D3042ADE109E00E62643 /* SugestedStruct.swift in Sources */,
				3FD3D2FE2ADDEE3000E62643 /* HackaFM.swift in Sources */,
				3FD3D2F22ADDED3600E62643 /* ContentView.swift in Sources */,
				3FD3D2F02ADDED3600E62643 /* ListViewSpotifyApp.swift in Sources */,
				3FD3D3022ADE06F800E62643 /* PlayView.swift in Sources */,
				3FD3D3002ADDF2C400E62643 /* SongStruct.swift in Sources */,
			);
			runOnlyForDeploymentPostprocessing = 0;
		};
/* End PBXSourcesBuildPhase section */

/* Begin XCBuildConfiguration section */
		3FD3D2F82ADDED3800E62643 /* Debug */ = {
			isa = XCBuildConfiguration;
			buildSettings = {
				ALWAYS_SEARCH_USER_PATHS = NO;
				CLANG_ANALYZER_NONNULL = YES;
				CLANG_ANALYZER_NUMBER_OBJECT_CONVERSION = YES_AGGRESSIVE;
				CLANG_CXX_LANGUAGE_STANDARD = "gnu++20";
				CLANG_ENABLE_MODULES = YES;
				CLANG_ENABLE_OBJC_ARC = YES;
				CLANG_ENABLE_OBJC_WEAK = YES;
				CLANG_WARN_BLOCK_CAPTURE_AUTORELEASING = YES;
				CLANG_WARN_BOOL_CONVERSION = YES;
				CLANG_WARN_COMMA = YES;
				CLANG_WARN_CONSTANT_CONVERSION = YES;
				CLANG_WARN_DEPRECATED_OBJC_IMPLEMENTATIONS = YES;
				CLANG_WARN_DIRECT_OBJC_ISA_USAGE = YES_ERROR;
				CLANG_WARN_DOCUMENTATION_COMMENTS = YES;
				CLANG_WARN_EMPTY_BODY = YES;
				CLANG_WARN_ENUM_CONVERSION = YES;
				CLANG_WARN_INFINITE_RECURSION = YES;
				CLANG_WARN_INT_CONVERSION = YES;
				CLANG_WARN_NON_LITERAL_NULL_CONVERSION = YES;
				CLANG_WARN_OBJC_IMPLICIT_RETAIN_SELF = YES;
				CLANG_WARN_OBJC_LITERAL_CONVERSION = YES;
				CLANG_WARN_OBJC_ROOT_CLASS = YES_ERROR;
				CLANG_WARN_QUOTED_INCLUDE_IN_FRAMEWORK_HEADER = YES;
				CLANG_WARN_RANGE_LOOP_ANALYSIS = YES;
				CLANG_WARN_STRICT_PROTOTYPES = YES;
				CLANG_WARN_SUSPICIOUS_MOVE = YES;
				CLANG_WARN_UNGUARDED_AVAILABILITY = YES_AGGRESSIVE;
				CLANG_WARN_UNREACHABLE_CODE = YES;
				CLANG_WARN__DUPLICATE_METHOD_MATCH = YES;
				COPY_PHASE_STRIP = NO;
				DEBUG_INFORMATION_FORMAT = dwarf;
				ENABLE_STRICT_OBJC_MSGSEND = YES;
				ENABLE_TESTABILITY = YES;
				GCC_C_LANGUAGE_STANDARD = gnu11;
				GCC_DYNAMIC_NO_PIC = NO;
				GCC_NO_COMMON_BLOCKS = YES;
				GCC_OPTIMIZATION_LEVEL = 0;
				GCC_PREPROCESSOR_DEFINITIONS = (
					"DEBUG=1",
					"$(inherited)",
				);
				GCC_WARN_64_TO_32_BIT_CONVERSION = YES;
				GCC_WARN_ABOUT_RETURN_TYPE = YES_ERROR;
				GCC_WARN_UNDECLARED_SELECTOR = YES;
				GCC_WARN_UNINITIALIZED_AUTOS = YES_AGGRESSIVE;
				GCC_WARN_UNUSED_FUNCTION = YES;
				GCC_WARN_UNUSED_VARIABLE = YES;
				IPHONEOS_DEPLOYMENT_TARGET = 16.2;
				MTL_ENABLE_DEBUG_INFO = INCLUDE_SOURCE;
				MTL_FAST_MATH = YES;
				ONLY_ACTIVE_ARCH = YES;
				SDKROOT = iphoneos;
				SWIFT_ACTIVE_COMPILATION_CONDITIONS = DEBUG;
				SWIFT_OPTIMIZATION_LEVEL = "-Onone";
			};
			name = Debug;
		};
		3FD3D2F92ADDED3800E62643 /* Release */ = {
			isa = XCBuildConfiguration;
			buildSettings = {
				ALWAYS_SEARCH_USER_PATHS = NO;
				CLANG_ANALYZER_NONNULL = YES;
				CLANG_ANALYZER_NUMBER_OBJECT_CONVERSION = YES_AGGRESSIVE;
				CLANG_CXX_LANGUAGE_STANDARD = "gnu++20";
				CLANG_ENABLE_MODULES = YES;
				CLANG_ENABLE_OBJC_ARC = YES;
				CLANG_ENABLE_OBJC_WEAK = YES;
				CLANG_WARN_BLOCK_CAPTURE_AUTORELEASING = YES;
				CLANG_WARN_BOOL_CONVERSION = YES;
				CLANG_WARN_COMMA = YES;
				CLANG_WARN_CONSTANT_CONVERSION = YES;
				CLANG_WARN_DEPRECATED_OBJC_IMPLEMENTATIONS = YES;
				CLANG_WARN_DIRECT_OBJC_ISA_USAGE = YES_ERROR;
				CLANG_WARN_DOCUMENTATION_COMMENTS = YES;
				CLANG_WARN_EMPTY_BODY = YES;
				CLANG_WARN_ENUM_CONVERSION = YES;
				CLANG_WARN_INFINITE_RECURSION = YES;
				CLANG_WARN_INT_CONVERSION = YES;
				CLANG_WARN_NON_LITERAL_NULL_CONVERSION = YES;
				CLANG_WARN_OBJC_IMPLICIT_RETAIN_SELF = YES;
				CLANG_WARN_OBJC_LITERAL_CONVERSION = YES;
				CLANG_WARN_OBJC_ROOT_CLASS = YES_ERROR;
				CLANG_WARN_QUOTED_INCLUDE_IN_FRAMEWORK_HEADER = YES;
				CLANG_WARN_RANGE_LOOP_ANALYSIS = YES;
				CLANG_WARN_STRICT_PROTOTYPES = YES;
				CLANG_WARN_SUSPICIOUS_MOVE = YES;
				CLANG_WARN_UNGUARDED_AVAILABILITY = YES_AGGRESSIVE;
				CLANG_WARN_UNREACHABLE_CODE = YES;
				CLANG_WARN__DUPLICATE_METHOD_MATCH = YES;
				COPY_PHASE_STRIP = NO;
				DEBUG_INFORMATION_FORMAT = "dwarf-with-dsym";
				ENABLE_NS_ASSERTIONS = NO;
				ENABLE_STRICT_OBJC_MSGSEND = YES;
				GCC_C_LANGUAGE_STANDARD = gnu11;
				GCC_NO_COMMON_BLOCKS = YES;
				GCC_WARN_64_TO_32_BIT_CONVERSION = YES;
				GCC_WARN_ABOUT_RETURN_TYPE = YES_ERROR;
				GCC_WARN_UNDECLARED_SELECTOR = YES;
				GCC_WARN_UNINITIALIZED_AUTOS = YES_AGGRESSIVE;
				GCC_WARN_UNUSED_FUNCTION = YES;
				GCC_WARN_UNUSED_VARIABLE = YES;
				IPHONEOS_DEPLOYMENT_TARGET = 16.2;
				MTL_ENABLE_DEBUG_INFO = NO;
				MTL_FAST_MATH = YES;
				SDKROOT = iphoneos;
				SWIFT_COMPILATION_MODE = wholemodule;
				SWIFT_OPTIMIZATION_LEVEL = "-O";
				VALIDATE_PRODUCT = YES;
			};
			name = Release;
		};
		3FD3D2FB2ADDED3800E62643 /* Debug */ = {
			isa = XCBuildConfiguration;
			buildSettings = {
				ASSETCATALOG_COMPILER_APPICON_NAME = AppIcon;
				ASSETCATALOG_COMPILER_GLOBAL_ACCENT_COLOR_NAME = AccentColor;
				CODE_SIGN_STYLE = Automatic;
				CURRENT_PROJECT_VERSION = 1;
				DEVELOPMENT_ASSET_PATHS = "\"ListViewSpotify/Preview Content\"";
				ENABLE_PREVIEWS = YES;
				GENERATE_INFOPLIST_FILE = YES;
				INFOPLIST_KEY_UIApplicationSceneManifest_Generation = YES;
				INFOPLIST_KEY_UIApplicationSupportsIndirectInputEvents = YES;
				INFOPLIST_KEY_UILaunchScreen_Generation = YES;
				INFOPLIST_KEY_UISupportedInterfaceOrientations_iPad = "UIInterfaceOrientationPortrait UIInterfaceOrientationPortraitUpsideDown UIInterfaceOrientationLandscapeLeft UIInterfaceOrientationLandscapeRight";
				INFOPLIST_KEY_UISupportedInterfaceOrientations_iPhone = "UIInterfaceOrientationPortrait UIInterfaceOrientationLandscapeLeft UIInterfaceOrientationLandscapeRight";
				LD_RUNPATH_SEARCH_PATHS = (
					"$(inherited)",
					"@executable_path/Frameworks",
				);
				MARKETING_VERSION = 1.0;
				PRODUCT_BUNDLE_IDENTIFIER = br.com.ListViewSpotify;
				PRODUCT_NAME = "$(TARGET_NAME)";
				SWIFT_EMIT_LOC_STRINGS = YES;
				SWIFT_VERSION = 5.0;
				TARGETED_DEVICE_FAMILY = "1,2";
			};
			name = Debug;
		};
		3FD3D2FC2ADDED3800E62643 /* Release */ = {
			isa = XCBuildConfiguration;
			buildSettings = {
				ASSETCATALOG_COMPILER_APPICON_NAME = AppIcon;
				ASSETCATALOG_COMPILER_GLOBAL_ACCENT_COLOR_NAME = AccentColor;
				CODE_SIGN_STYLE = Automatic;
				CURRENT_PROJECT_VERSION = 1;
				DEVELOPMENT_ASSET_PATHS = "\"ListViewSpotify/Preview Content\"";
				ENABLE_PREVIEWS = YES;
				GENERATE_INFOPLIST_FILE = YES;
				INFOPLIST_KEY_UIApplicationSceneManifest_Generation = YES;
				INFOPLIST_KEY_UIApplicationSupportsIndirectInputEvents = YES;
				INFOPLIST_KEY_UILaunchScreen_Generation = YES;
				INFOPLIST_KEY_UISupportedInterfaceOrientations_iPad = "UIInterfaceOrientationPortrait UIInterfaceOrientationPortraitUpsideDown UIInterfaceOrientationLandscapeLeft UIInterfaceOrientationLandscapeRight";
				INFOPLIST_KEY_UISupportedInterfaceOrientations_iPhone = "UIInterfaceOrientationPortrait UIInterfaceOrientationLandscapeLeft UIInterfaceOrientationLandscapeRight";
				LD_RUNPATH_SEARCH_PATHS = (
					"$(inherited)",
					"@executable_path/Frameworks",
				);
				MARKETING_VERSION = 1.0;
				PRODUCT_BUNDLE_IDENTIFIER = br.com.ListViewSpotify;
				PRODUCT_NAME = "$(TARGET_NAME)";
				SWIFT_EMIT_LOC_STRINGS = YES;
				SWIFT_VERSION = 5.0;
				TARGETED_DEVICE_FAMILY = "1,2";
			};
			name = Release;
		};
/* End XCBuildConfiguration section */

/* Begin XCConfigurationList section */
		3FD3D2E72ADDED3600E62643 /* Build configuration list for PBXProject "ListViewSpotify" */ = {
			isa = XCConfigurationList;
			buildConfigurations = (
				3FD3D2F82ADDED3800E62643 /* Debug */,
				3FD3D2F92ADDED3800E62643 /* Release */,
			);
			defaultConfigurationIsVisible = 0;
			defaultConfigurationName = Release;
		};
		3FD3D2FA2ADDED3800E62643 /* Build configuration list for PBXNativeTarget "ListViewSpotify" */ = {
			isa = XCConfigurationList;
			buildConfigurations = (
				3FD3D2FB2ADDED3800E62643 /* Debug */,
				3FD3D2FC2ADDED3800E62643 /* Release */,
			);
			defaultConfigurationIsVisible = 0;
			defaultConfigurationName = Release;
		};
/* End XCConfigurationList section */
	};
	rootObject = 3FD3D2E42ADDED3600E62643 /* Project object */;
}
